
Microsoft Visual Studio Solution File, Format Version 12.00
# Visual Studio Version 17
VisualStudioVersion = 17.10.35013.160
MinimumVisualStudioVersion = 10.0.40219.1
Project("{FAE04EC0-301F-11D3-BF4B-00C04F79EFBC}") = "ServerStatusAPI", "ServerStatusAPI\ServerStatusAPI.csproj", "{8F393996-91B7-40FB-80E1-6C139207F754}"
EndProject
Global
	GlobalSection(SolutionConfigurationPlatforms) = preSolution
		Debug|Any CPU = Debug|Any CPU
		Release|Any CPU = Release|Any CPU
	EndGlobalSection
	GlobalSection(ProjectConfigurationPlatforms) = postSolution
		{8F393996-91B7-40FB-80E1-6C139207F754}.Debug|Any CPU.ActiveCfg = Debug|Any CPU
		{8F393996-91B7-40FB-80E1-6C139207F754}.Debug|Any CPU.Build.0 = Debug|Any CPU
		{8F393996-91B7-40FB-80E1-6C139207F754}.Release|Any CPU.ActiveCfg = Release|Any CPU
		{8F393996-91B7-40FB-80E1-6C139207F754}.Release|Any CPU.Build.0 = Release|Any CPU
	EndGlobalSection
	GlobalSection(SolutionProperties) = preSolution
		HideSolutionNode = FALSE
	EndGlobalSection
	GlobalSection(ExtensibilityGlobals) = postSolution
		SolutionGuid = {D781DD82-3CF8-4E82-A6CE-28385592CE18}
	EndGlobalSection
EndGlobal
